
Microsoft Visual Studio Solution File, Format Version 12.00
# Visual Studio Version 17
VisualStudioVersion = 17.2.32602.215
MinimumVisualStudioVersion = 10.0.40219.1
Project("{FAE04EC0-301F-11D3-BF4B-00C04F79EFBC}") = "Recon_Filedownload", "Recon_Filedownload.csproj", "{8F9969F9-DF8E-476C-8430-18B75E6F3BFF}"
EndProject
Global
	GlobalSection(SolutionConfigurationPlatforms) = preSolution
		Debug|Any CPU = Debug|Any CPU
		Release|Any CPU = Release|Any CPU
	EndGlobalSection
	GlobalSection(ProjectConfigurationPlatforms) = postSolution
		{8F9969F9-DF8E-476C-8430-18B75E6F3BFF}.Debug|Any CPU.ActiveCfg = Debug|Any CPU
		{8F9969F9-DF8E-476C-8430-18B75E6F3BFF}.Debug|Any CPU.Build.0 = Debug|Any CPU
		{8F9969F9-DF8E-476C-8430-18B75E6F3BFF}.Release|Any CPU.ActiveCfg = Release|Any CPU
		{8F9969F9-DF8E-476C-8430-18B75E6F3BFF}.Release|Any CPU.Build.0 = Release|Any CPU
	EndGlobalSection
	GlobalSection(SolutionProperties) = preSolution
		HideSolutionNode = FALSE
	EndGlobalSection
	GlobalSection(ExtensibilityGlobals) = postSolution
		SolutionGuid = {FED66335-0DE9-431A-A580-DF08A8CC77BF}
	EndGlobalSection
EndGlobal
